
Microsoft Visual Studio Solution File, Format Version 12.00
# Visual Studio Version 17
VisualStudioVersion = 17.3.32825.248
MinimumVisualStudioVersion = 10.0.40219.1
Project("{FAE04EC0-301F-11D3-BF4B-00C04F79EFBC}") = "Beginning C Sharp", "Beginning C Sharp\Beginning C Sharp.csproj", "{B99345D2-A690-4F71-82CD-43B28AA9880F}"
EndProject
Global
	GlobalSection(SolutionConfigurationPlatforms) = preSolution
		Debug|Any CPU = Debug|Any CPU
		Release|Any CPU = Release|Any CPU
	EndGlobalSection
	GlobalSection(ProjectConfigurationPlatforms) = postSolution
		{B99345D2-A690-4F71-82CD-43B28AA9880F}.Debug|Any CPU.ActiveCfg = Debug|Any CPU
		{B99345D2-A690-4F71-82CD-43B28AA9880F}.Debug|Any CPU.Build.0 = Debug|Any CPU
		{B99345D2-A690-4F71-82CD-43B28AA9880F}.Release|Any CPU.ActiveCfg = Release|Any CPU
		{B99345D2-A690-4F71-82CD-43B28AA9880F}.Release|Any CPU.Build.0 = Release|Any CPU
	EndGlobalSection
	GlobalSection(SolutionProperties) = preSolution
		HideSolutionNode = FALSE
	EndGlobalSection
	GlobalSection(ExtensibilityGlobals) = postSolution
		SolutionGuid = {3934FFBC-99BA-4E1B-9121-042D1BEC8F55}
	EndGlobalSection
EndGlobal
